
Microsoft Visual Studio Solution File, Format Version 12.00
# Visual Studio Version 17
VisualStudioVersion = 17.14.36518.9 d17.14
MinimumVisualStudioVersion = 10.0.40219.1
Project("{FAE04EC0-301F-11D3-BF4B-00C04F79EFBC}") = "Actividad4LengProg3", "Actividad4LengProg3.csproj", "{64C6020E-E547-4B78-AA2D-28276616A301}"
EndProject
Global
	GlobalSection(SolutionConfigurationPlatforms) = preSolution
		Debug|Any CPU = Debug|Any CPU
		Release|Any CPU = Release|Any CPU
	EndGlobalSection
	GlobalSection(ProjectConfigurationPlatforms) = postSolution
		{64C6020E-E547-4B78-AA2D-28276616A301}.Debug|Any CPU.ActiveCfg = Debug|Any CPU
		{64C6020E-E547-4B78-AA2D-28276616A301}.Debug|Any CPU.Build.0 = Debug|Any CPU
		{64C6020E-E547-4B78-AA2D-28276616A301}.Release|Any CPU.ActiveCfg = Release|Any CPU
		{64C6020E-E547-4B78-AA2D-28276616A301}.Release|Any CPU.Build.0 = Release|Any CPU
	EndGlobalSection
	GlobalSection(SolutionProperties) = preSolution
		HideSolutionNode = FALSE
	EndGlobalSection
	GlobalSection(ExtensibilityGlobals) = postSolution
		SolutionGuid = {D71A8B05-18AB-4C4A-A3BD-ED9A564FEE7E}
	EndGlobalSection
EndGlobal
